%{"certifi": {:hex, :certifi, "0.4.0", "a7966efb868b179023618d29a407548f70c52466bf1849b9e8ebd0e34b7ea11f", [:rebar3], []},
  "distillery": {:hex, :distillery, "1.2.2", "d5a52920cbe2378c8a21dfc83b526b4225944b9dce7bf170fe5f5cddda81ffb3", [:mix], []},
  "hackney": {:hex, :hackney, "1.6.0", "8d1e9440c9edf23bf5e5e2fe0c71de03eb265103b72901337394c840eec679ac", [:rebar3], [{:ssl_verify_fun, "1.1.0", [hex: :ssl_verify_fun, optional: false]}, {:mimerl, "1.0.2", [hex: :mimerl, optional: false]}, {:metrics, "1.0.1", [hex: :metrics, optional: false]}, {:idna, "1.2.0", [hex: :idna, optional: false]}, {:certifi, "0.4.0", [hex: :certifi, optional: false]}]},
  "httpoison": {:hex, :httpoison, "0.9.0", "68187a2daddfabbe7ca8f7d75ef227f89f0e1507f7eecb67e4536b3c516faddb", [:mix], [{:hackney, "~> 1.6.0", [hex: :hackney, optional: false]}]},
  "idna": {:hex, :idna, "1.2.0", "ac62ee99da068f43c50dc69acf700e03a62a348360126260e87f2b54eced86b2", [:rebar3], []},
  "metrics": {:hex, :metrics, "1.0.1", "25f094dea2cda98213cecc3aeff09e940299d950904393b2a29d191c346a8486", [:rebar3], []},
  "mimerl": {:hex, :mimerl, "1.0.2", "993f9b0e084083405ed8252b99460c4f0563e41729ab42d9074fd5e52439be88", [:rebar3], []},
  "nerves": {:hex, :nerves, "0.4.8", "aedce69c1eff33dada9457ab24fefdaf0fec877254721871f91c51365f89a5c2", [:mix], [{:distillery, "~> 1.0", [hex: :distillery, optional: false]}]},
  "nerves_system": {:hex, :nerves_system, "0.1.5", "3b523a49eb6c0f49239d1354b772d824be9d62be13651fe2878a9ba5ffd737b0", [:mix], [{:porcelain, "~> 2.0", [hex: :porcelain, optional: false]}]},
  "nerves_system_br": {:hex, :nerves_system_br, "0.9.4", "5096a9dfec49d4663ccb94c4a4fe45885303fbf31108f7e9400369bdec94b5e7", [:mix], []},
  "nerves_toolchain": {:hex, :nerves_toolchain, "0.6.3", "c592ea6a189504b1c130510a3c5c2aaf8b73c994628b43d0195544d718c04fb3", [:mix], []},
  "nerves_toolchain_arm_unknown_linux_gnueabihf": {:hex, :nerves_toolchain_arm_unknown_linux_gnueabihf, "0.9.0", "5a1bca8c46776ad24c358ab58800ed470f91a3e294ac6eb8ffda0041954781e1", [:mix], [{:nerves, "~> 0.4.0", [hex: :nerves, optional: false]}, {:nerves_toolchain_ctng, "~> 0.8.0", [hex: :nerves_toolchain_ctng, optional: false]}]},
  "nerves_toolchain_ctng": {:hex, :nerves_toolchain_ctng, "0.8.0", "6dff7ed51e1711c5f4da3d559bc528a8265e3dd950dda95f4d6832aed9dbe320", [:mix], []},
  "porcelain": {:hex, :porcelain, "2.0.1", "9c3db2b47d8cf6879c0d9ac79db8657333974a88faff09e856569e00c1b5e119", [:mix], []},
  "ssl_verify_fun": {:hex, :ssl_verify_fun, "1.1.0", "edee20847c42e379bf91261db474ffbe373f8acb56e9079acb6038d4e0bf414f", [:rebar, :make], []}}
